
Microsoft Visual Studio Solution File, Format Version 12.00
# Visual Studio Version 16
VisualStudioVersion = 16.0.30011.22
MinimumVisualStudioVersion = 10.0.40219.1
Project("{FAE04EC0-301F-11D3-BF4B-00C04F79EFBC}") = "PS1.U3.CansinoNuñezManuelGiovanni", "PS1.U3.CansinoNuñezManuelGiovanni.csproj", "{449617C4-376A-4A89-BFF3-B36A19EEEB8C}"
EndProject
Global
	GlobalSection(SolutionConfigurationPlatforms) = preSolution
		Debug|Any CPU = Debug|Any CPU
		Release|Any CPU = Release|Any CPU
	EndGlobalSection
	GlobalSection(ProjectConfigurationPlatforms) = postSolution
		{449617C4-376A-4A89-BFF3-B36A19EEEB8C}.Debug|Any CPU.ActiveCfg = Debug|Any CPU
		{449617C4-376A-4A89-BFF3-B36A19EEEB8C}.Debug|Any CPU.Build.0 = Debug|Any CPU
		{449617C4-376A-4A89-BFF3-B36A19EEEB8C}.Release|Any CPU.ActiveCfg = Release|Any CPU
		{449617C4-376A-4A89-BFF3-B36A19EEEB8C}.Release|Any CPU.Build.0 = Release|Any CPU
	EndGlobalSection
	GlobalSection(SolutionProperties) = preSolution
		HideSolutionNode = FALSE
	EndGlobalSection
	GlobalSection(ExtensibilityGlobals) = postSolution
		SolutionGuid = {DBBAE6D2-0FBB-4DFC-9C5E-6F9B34FBD6E3}
	EndGlobalSection
EndGlobal
